<?xml version="1.0" encoding="UTF-8"?>
<CodeBlocks_project_file>
	<FileVersion major="1" minor="6"/>
	<Project>
		<Option title="COMP5411Project"/>
		<Option makefile_is_custom="1"/>
		<Option compiler="gcc"/>
		<Option virtualFolders="CMake Files\;CMake Files\ext\;CMake Files\ext\glfw\;CMake Files\ext\glfw\CMake\;CMake Files\ext\glfw\CMake\modules\;CMake Files\ext\glfw\src\;"/>
		<Build>
			<Target title="all">
				<Option working_dir="/home/mcding/johnding1996/COMP5411/assignment1"/>
				<Option type="4"/>
				<MakeCommands>
					<Build command="/usr/bin/make -j4 -f &quot;/home/mcding/johnding1996/COMP5411/assignment1/Makefile&quot;  VERBOSE=1 all"/>
					<CompileFile command="/usr/bin/make -j4 -f &quot;/home/mcding/johnding1996/COMP5411/assignment1/Makefile&quot;  VERBOSE=1 &quot;$file&quot;"/>
					<Clean command="/usr/bin/make -j4 -f &quot;/home/mcding/johnding1996/COMP5411/assignment1/Makefile&quot;  VERBOSE=1 clean"/>
					<DistClean command="/usr/bin/make -j4 -f &quot;/home/mcding/johnding1996/COMP5411/assignment1/Makefile&quot;  VERBOSE=1 clean"/>
				</MakeCommands>
			</Target>
			<Target title="install/strip">
				<Option working_dir="/home/mcding/johnding1996/COMP5411/assignment1"/>
				<Option type="4"/>
				<MakeCommands>
					<Build command="/usr/bin/make -j4 -f &quot;/home/mcding/johnding1996/COMP5411/assignment1/Makefile&quot;  VERBOSE=1 install/strip"/>
					<CompileFile command="/usr/bin/make -j4 -f &quot;/home/mcding/johnding1996/COMP5411/assignment1/Makefile&quot;  VERBOSE=1 &quot;$file&quot;"/>
					<Clean command="/usr/bin/make -j4 -f &quot;/home/mcding/johnding1996/COMP5411/assignment1/Makefile&quot;  VERBOSE=1 clean"/>
					<DistClean command="/usr/bin/make -j4 -f &quot;/home/mcding/johnding1996/COMP5411/assignment1/Makefile&quot;  VERBOSE=1 clean"/>
				</MakeCommands>
			</Target>
			<Target title="install/local">
				<Option working_dir="/home/mcding/johnding1996/COMP5411/assignment1"/>
				<Option type="4"/>
				<MakeCommands>
					<Build command="/usr/bin/make -j4 -f &quot;/home/mcding/johnding1996/COMP5411/assignment1/Makefile&quot;  VERBOSE=1 install/local"/>
					<CompileFile command="/usr/bin/make -j4 -f &quot;/home/mcding/johnding1996/COMP5411/assignment1/Makefile&quot;  VERBOSE=1 &quot;$file&quot;"/>
					<Clean command="/usr/bin/make -j4 -f &quot;/home/mcding/johnding1996/COMP5411/assignment1/Makefile&quot;  VERBOSE=1 clean"/>
					<DistClean command="/usr/bin/make -j4 -f &quot;/home/mcding/johnding1996/COMP5411/assignment1/Makefile&quot;  VERBOSE=1 clean"/>
				</MakeCommands>
			</Target>
			<Target title="rebuild_cache">
				<Option working_dir="/home/mcding/johnding1996/COMP5411/assignment1"/>
				<Option type="4"/>
				<MakeCommands>
					<Build command="/usr/bin/make -j4 -f &quot;/home/mcding/johnding1996/COMP5411/assignment1/Makefile&quot;  VERBOSE=1 rebuild_cache"/>
					<CompileFile command="/usr/bin/make -j4 -f &quot;/home/mcding/johnding1996/COMP5411/assignment1/Makefile&quot;  VERBOSE=1 &quot;$file&quot;"/>
					<Clean command="/usr/bin/make -j4 -f &quot;/home/mcding/johnding1996/COMP5411/assignment1/Makefile&quot;  VERBOSE=1 clean"/>
					<DistClean command="/usr/bin/make -j4 -f &quot;/home/mcding/johnding1996/COMP5411/assignment1/Makefile&quot;  VERBOSE=1 clean"/>
				</MakeCommands>
			</Target>
			<Target title="install">
				<Option working_dir="/home/mcding/johnding1996/COMP5411/assignment1"/>
				<Option type="4"/>
				<MakeCommands>
					<Build command="/usr/bin/make -j4 -f &quot;/home/mcding/johnding1996/COMP5411/assignment1/Makefile&quot;  VERBOSE=1 install"/>
					<CompileFile command="/usr/bin/make -j4 -f &quot;/home/mcding/johnding1996/COMP5411/assignment1/Makefile&quot;  VERBOSE=1 &quot;$file&quot;"/>
					<Clean command="/usr/bin/make -j4 -f &quot;/home/mcding/johnding1996/COMP5411/assignment1/Makefile&quot;  VERBOSE=1 clean"/>
					<DistClean command="/usr/bin/make -j4 -f &quot;/home/mcding/johnding1996/COMP5411/assignment1/Makefile&quot;  VERBOSE=1 clean"/>
				</MakeCommands>
			</Target>
			<Target title="list_install_components">
				<Option working_dir="/home/mcding/johnding1996/COMP5411/assignment1"/>
				<Option type="4"/>
				<MakeCommands>
					<Build command="/usr/bin/make -j4 -f &quot;/home/mcding/johnding1996/COMP5411/assignment1/Makefile&quot;  VERBOSE=1 list_install_components"/>
					<CompileFile command="/usr/bin/make -j4 -f &quot;/home/mcding/johnding1996/COMP5411/assignment1/Makefile&quot;  VERBOSE=1 &quot;$file&quot;"/>
					<Clean command="/usr/bin/make -j4 -f &quot;/home/mcding/johnding1996/COMP5411/assignment1/Makefile&quot;  VERBOSE=1 clean"/>
					<DistClean command="/usr/bin/make -j4 -f &quot;/home/mcding/johnding1996/COMP5411/assignment1/Makefile&quot;  VERBOSE=1 clean"/>
				</MakeCommands>
			</Target>
			<Target title="COMP5411">
				<Option output="/home/mcding/johnding1996/COMP5411/assignment1/COMP5411" prefix_auto="0" extension_auto="0"/>
				<Option working_dir="/home/mcding/johnding1996/COMP5411/assignment1"/>
				<Option object_output="./"/>
				<Option type="1"/>
				<Option compiler="gcc"/>
				<Compiler>
					<Add option="-DCORO_SJLJ"/>
					<Add option="-DNANOGUI_SHARED"/>
					<Add option="-DNVG_SHARED"/>
					<Add option="-DGLAD_GLAPI_EXPORT"/>
					<Add directory="/home/mcding/johnding1996/COMP5411/assignment1/ext/eigen"/>
					<Add directory="/home/mcding/johnding1996/COMP5411/assignment1/ext/glfw/include"/>
					<Add directory="/home/mcding/johnding1996/COMP5411/assignment1/ext/nanovg/src"/>
					<Add directory="/home/mcding/johnding1996/COMP5411/assignment1/include"/>
					<Add directory="/home/mcding/johnding1996/COMP5411/assignment1"/>
					<Add directory="/home/mcding/johnding1996/COMP5411/assignment1/ext/coro"/>
					<Add directory="/home/mcding/johnding1996/COMP5411/assignment1/ext/libigl"/>
					<Add directory="/usr/include/c++/5"/>
					<Add directory="/usr/include/x86_64-linux-gnu/c++/5"/>
					<Add directory="/usr/include/c++/5/backward"/>
					<Add directory="/usr/lib/gcc/x86_64-linux-gnu/5/include"/>
					<Add directory="/usr/local/include"/>
					<Add directory="/usr/lib/gcc/x86_64-linux-gnu/5/include-fixed"/>
					<Add directory="/usr/include/x86_64-linux-gnu"/>
					<Add directory="/usr/include"/>
				</Compiler>
				<MakeCommands>
					<Build command="/usr/bin/make -j4 -f &quot;/home/mcding/johnding1996/COMP5411/assignment1/Makefile&quot;  VERBOSE=1 COMP5411"/>
					<CompileFile command="/usr/bin/make -j4 -f &quot;/home/mcding/johnding1996/COMP5411/assignment1/Makefile&quot;  VERBOSE=1 &quot;$file&quot;"/>
					<Clean command="/usr/bin/make -j4 -f &quot;/home/mcding/johnding1996/COMP5411/assignment1/Makefile&quot;  VERBOSE=1 clean"/>
					<DistClean command="/usr/bin/make -j4 -f &quot;/home/mcding/johnding1996/COMP5411/assignment1/Makefile&quot;  VERBOSE=1 clean"/>
				</MakeCommands>
			</Target>
			<Target title="COMP5411/fast">
				<Option output="/home/mcding/johnding1996/COMP5411/assignment1/COMP5411" prefix_auto="0" extension_auto="0"/>
				<Option working_dir="/home/mcding/johnding1996/COMP5411/assignment1"/>
				<Option object_output="./"/>
				<Option type="1"/>
				<Option compiler="gcc"/>
				<Compiler>
					<Add option="-DCORO_SJLJ"/>
					<Add option="-DNANOGUI_SHARED"/>
					<Add option="-DNVG_SHARED"/>
					<Add option="-DGLAD_GLAPI_EXPORT"/>
					<Add directory="/home/mcding/johnding1996/COMP5411/assignment1/ext/eigen"/>
					<Add directory="/home/mcding/johnding1996/COMP5411/assignment1/ext/glfw/include"/>
					<Add directory="/home/mcding/johnding1996/COMP5411/assignment1/ext/nanovg/src"/>
					<Add directory="/home/mcding/johnding1996/COMP5411/assignment1/include"/>
					<Add directory="/home/mcding/johnding1996/COMP5411/assignment1"/>
					<Add directory="/home/mcding/johnding1996/COMP5411/assignment1/ext/coro"/>
					<Add directory="/home/mcding/johnding1996/COMP5411/assignment1/ext/libigl"/>
					<Add directory="/usr/include/c++/5"/>
					<Add directory="/usr/include/x86_64-linux-gnu/c++/5"/>
					<Add directory="/usr/include/c++/5/backward"/>
					<Add directory="/usr/lib/gcc/x86_64-linux-gnu/5/include"/>
					<Add directory="/usr/local/include"/>
					<Add directory="/usr/lib/gcc/x86_64-linux-gnu/5/include-fixed"/>
					<Add directory="/usr/include/x86_64-linux-gnu"/>
					<Add directory="/usr/include"/>
				</Compiler>
				<MakeCommands>
					<Build command="/usr/bin/make -j4 -f &quot;/home/mcding/johnding1996/COMP5411/assignment1/Makefile&quot;  VERBOSE=1 COMP5411/fast"/>
					<CompileFile command="/usr/bin/make -j4 -f &quot;/home/mcding/johnding1996/COMP5411/assignment1/Makefile&quot;  VERBOSE=1 &quot;$file&quot;"/>
					<Clean command="/usr/bin/make -j4 -f &quot;/home/mcding/johnding1996/COMP5411/assignment1/Makefile&quot;  VERBOSE=1 clean"/>
					<DistClean command="/usr/bin/make -j4 -f &quot;/home/mcding/johnding1996/COMP5411/assignment1/Makefile&quot;  VERBOSE=1 clean"/>
				</MakeCommands>
			</Target>
			<Target title="nanogui">
				<Option output="/home/mcding/johnding1996/COMP5411/assignment1/libnanogui.so" prefix_auto="0" extension_auto="0"/>
				<Option working_dir="/home/mcding/johnding1996/COMP5411/assignment1"/>
				<Option object_output="./"/>
				<Option type="3"/>
				<Option compiler="gcc"/>
				<Compiler>
					<Add option="-DCORO_SJLJ"/>
					<Add option="-DNANOGUI_SHARED"/>
					<Add option="-DNVG_SHARED"/>
					<Add option="-DGLAD_GLAPI_EXPORT"/>
					<Add directory="/home/mcding/johnding1996/COMP5411/assignment1/ext/eigen"/>
					<Add directory="/home/mcding/johnding1996/COMP5411/assignment1/ext/glfw/include"/>
					<Add directory="/home/mcding/johnding1996/COMP5411/assignment1/ext/nanovg/src"/>
					<Add directory="/home/mcding/johnding1996/COMP5411/assignment1/include"/>
					<Add directory="/home/mcding/johnding1996/COMP5411/assignment1"/>
					<Add directory="/home/mcding/johnding1996/COMP5411/assignment1/ext/coro"/>
					<Add directory="/usr/include/c++/5"/>
					<Add directory="/usr/include/x86_64-linux-gnu/c++/5"/>
					<Add directory="/usr/include/c++/5/backward"/>
					<Add directory="/usr/lib/gcc/x86_64-linux-gnu/5/include"/>
					<Add directory="/usr/local/include"/>
					<Add directory="/usr/lib/gcc/x86_64-linux-gnu/5/include-fixed"/>
					<Add directory="/usr/include/x86_64-linux-gnu"/>
					<Add directory="/usr/include"/>
				</Compiler>
				<MakeCommands>
					<Build command="/usr/bin/make -j4 -f &quot;/home/mcding/johnding1996/COMP5411/assignment1/Makefile&quot;  VERBOSE=1 nanogui"/>
					<CompileFile command="/usr/bin/make -j4 -f &quot;/home/mcding/johnding1996/COMP5411/assignment1/Makefile&quot;  VERBOSE=1 &quot;$file&quot;"/>
					<Clean command="/usr/bin/make -j4 -f &quot;/home/mcding/johnding1996/COMP5411/assignment1/Makefile&quot;  VERBOSE=1 clean"/>
					<DistClean command="/usr/bin/make -j4 -f &quot;/home/mcding/johnding1996/COMP5411/assignment1/Makefile&quot;  VERBOSE=1 clean"/>
				</MakeCommands>
			</Target>
			<Target title="nanogui/fast">
				<Option output="/home/mcding/johnding1996/COMP5411/assignment1/libnanogui.so" prefix_auto="0" extension_auto="0"/>
				<Option working_dir="/home/mcding/johnding1996/COMP5411/assignment1"/>
				<Option object_output="./"/>
				<Option type="3"/>
				<Option compiler="gcc"/>
				<Compiler>
					<Add option="-DCORO_SJLJ"/>
					<Add option="-DNANOGUI_SHARED"/>
					<Add option="-DNVG_SHARED"/>
					<Add option="-DGLAD_GLAPI_EXPORT"/>
					<Add directory="/home/mcding/johnding1996/COMP5411/assignment1/ext/eigen"/>
					<Add directory="/home/mcding/johnding1996/COMP5411/assignment1/ext/glfw/include"/>
					<Add directory="/home/mcding/johnding1996/COMP5411/assignment1/ext/nanovg/src"/>
					<Add directory="/home/mcding/johnding1996/COMP5411/assignment1/include"/>
					<Add directory="/home/mcding/johnding1996/COMP5411/assignment1"/>
					<Add directory="/home/mcding/johnding1996/COMP5411/assignment1/ext/coro"/>
					<Add directory="/usr/include/c++/5"/>
					<Add directory="/usr/include/x86_64-linux-gnu/c++/5"/>
					<Add directory="/usr/include/c++/5/backward"/>
					<Add directory="/usr/lib/gcc/x86_64-linux-gnu/5/include"/>
					<Add directory="/usr/local/include"/>
					<Add directory="/usr/lib/gcc/x86_64-linux-gnu/5/include-fixed"/>
					<Add directory="/usr/include/x86_64-linux-gnu"/>
					<Add directory="/usr/include"/>
				</Compiler>
				<MakeCommands>
					<Build command="/usr/bin/make -j4 -f &quot;/home/mcding/johnding1996/COMP5411/assignment1/Makefile&quot;  VERBOSE=1 nanogui/fast"/>
					<CompileFile command="/usr/bin/make -j4 -f &quot;/home/mcding/johnding1996/COMP5411/assignment1/Makefile&quot;  VERBOSE=1 &quot;$file&quot;"/>
					<Clean command="/usr/bin/make -j4 -f &quot;/home/mcding/johnding1996/COMP5411/assignment1/Makefile&quot;  VERBOSE=1 clean"/>
					<DistClean command="/usr/bin/make -j4 -f &quot;/home/mcding/johnding1996/COMP5411/assignment1/Makefile&quot;  VERBOSE=1 clean"/>
				</MakeCommands>
			</Target>
			<Target title="edit_cache">
				<Option working_dir="/home/mcding/johnding1996/COMP5411/assignment1"/>
				<Option type="4"/>
				<MakeCommands>
					<Build command="/usr/bin/make -j4 -f &quot;/home/mcding/johnding1996/COMP5411/assignment1/Makefile&quot;  VERBOSE=1 edit_cache"/>
					<CompileFile command="/usr/bin/make -j4 -f &quot;/home/mcding/johnding1996/COMP5411/assignment1/Makefile&quot;  VERBOSE=1 &quot;$file&quot;"/>
					<Clean command="/usr/bin/make -j4 -f &quot;/home/mcding/johnding1996/COMP5411/assignment1/Makefile&quot;  VERBOSE=1 clean"/>
					<DistClean command="/usr/bin/make -j4 -f &quot;/home/mcding/johnding1996/COMP5411/assignment1/Makefile&quot;  VERBOSE=1 clean"/>
				</MakeCommands>
			</Target>
			<Target title="nanogui-obj">
				<Option output="/home/mcding/johnding1996/COMP5411/assignment1/CMakeFiles/nanogui-obj.dir/nanogui-obj.objlib" prefix_auto="0" extension_auto="0"/>
				<Option working_dir="/home/mcding/johnding1996/COMP5411/assignment1"/>
				<Option object_output="./"/>
				<Option type="2"/>
				<Option compiler="gcc"/>
				<Compiler>
					<Add option="-DNANOGUI_BUILD"/>
					<Add option="-DNVG_BUILD"/>
					<Add option="-D_GLFW_BUILD_DLL"/>
					<Add option="-DNVG_SHARED"/>
					<Add option="-DCORO_SJLJ"/>
					<Add option="-DNANOGUI_SHARED"/>
					<Add option="-DGLAD_GLAPI_EXPORT"/>
					<Add directory="/home/mcding/johnding1996/COMP5411/assignment1/ext/eigen"/>
					<Add directory="/home/mcding/johnding1996/COMP5411/assignment1/ext/glfw/include"/>
					<Add directory="/home/mcding/johnding1996/COMP5411/assignment1/ext/nanovg/src"/>
					<Add directory="/home/mcding/johnding1996/COMP5411/assignment1/include"/>
					<Add directory="/home/mcding/johnding1996/COMP5411/assignment1"/>
					<Add directory="/home/mcding/johnding1996/COMP5411/assignment1/ext/coro"/>
					<Add directory="/usr/include/c++/5"/>
					<Add directory="/usr/include/x86_64-linux-gnu/c++/5"/>
					<Add directory="/usr/include/c++/5/backward"/>
					<Add directory="/usr/lib/gcc/x86_64-linux-gnu/5/include"/>
					<Add directory="/usr/local/include"/>
					<Add directory="/usr/lib/gcc/x86_64-linux-gnu/5/include-fixed"/>
					<Add directory="/usr/include/x86_64-linux-gnu"/>
					<Add directory="/usr/include"/>
				</Compiler>
				<MakeCommands>
					<Build command="/usr/bin/make -j4 -f &quot;/home/mcding/johnding1996/COMP5411/assignment1/Makefile&quot;  VERBOSE=1 nanogui-obj"/>
					<CompileFile command="/usr/bin/make -j4 -f &quot;/home/mcding/johnding1996/COMP5411/assignment1/Makefile&quot;  VERBOSE=1 &quot;$file&quot;"/>
					<Clean command="/usr/bin/make -j4 -f &quot;/home/mcding/johnding1996/COMP5411/assignment1/Makefile&quot;  VERBOSE=1 clean"/>
					<DistClean command="/usr/bin/make -j4 -f &quot;/home/mcding/johnding1996/COMP5411/assignment1/Makefile&quot;  VERBOSE=1 clean"/>
				</MakeCommands>
			</Target>
			<Target title="nanogui-obj/fast">
				<Option output="/home/mcding/johnding1996/COMP5411/assignment1/CMakeFiles/nanogui-obj.dir/nanogui-obj.objlib" prefix_auto="0" extension_auto="0"/>
				<Option working_dir="/home/mcding/johnding1996/COMP5411/assignment1"/>
				<Option object_output="./"/>
				<Option type="2"/>
				<Option compiler="gcc"/>
				<Compiler>
					<Add option="-DNANOGUI_BUILD"/>
					<Add option="-DNVG_BUILD"/>
					<Add option="-D_GLFW_BUILD_DLL"/>
					<Add option="-DNVG_SHARED"/>
					<Add option="-DCORO_SJLJ"/>
					<Add option="-DNANOGUI_SHARED"/>
					<Add option="-DGLAD_GLAPI_EXPORT"/>
					<Add directory="/home/mcding/johnding1996/COMP5411/assignment1/ext/eigen"/>
					<Add directory="/home/mcding/johnding1996/COMP5411/assignment1/ext/glfw/include"/>
					<Add directory="/home/mcding/johnding1996/COMP5411/assignment1/ext/nanovg/src"/>
					<Add directory="/home/mcding/johnding1996/COMP5411/assignment1/include"/>
					<Add directory="/home/mcding/johnding1996/COMP5411/assignment1"/>
					<Add directory="/home/mcding/johnding1996/COMP5411/assignment1/ext/coro"/>
					<Add directory="/usr/include/c++/5"/>
					<Add directory="/usr/include/x86_64-linux-gnu/c++/5"/>
					<Add directory="/usr/include/c++/5/backward"/>
					<Add directory="/usr/lib/gcc/x86_64-linux-gnu/5/include"/>
					<Add directory="/usr/local/include"/>
					<Add directory="/usr/lib/gcc/x86_64-linux-gnu/5/include-fixed"/>
					<Add directory="/usr/include/x86_64-linux-gnu"/>
					<Add directory="/usr/include"/>
				</Compiler>
				<MakeCommands>
					<Build command="/usr/bin/make -j4 -f &quot;/home/mcding/johnding1996/COMP5411/assignment1/Makefile&quot;  VERBOSE=1 nanogui-obj/fast"/>
					<CompileFile command="/usr/bin/make -j4 -f &quot;/home/mcding/johnding1996/COMP5411/assignment1/Makefile&quot;  VERBOSE=1 &quot;$file&quot;"/>
					<Clean command="/usr/bin/make -j4 -f &quot;/home/mcding/johnding1996/COMP5411/assignment1/Makefile&quot;  VERBOSE=1 clean"/>
					<DistClean command="/usr/bin/make -j4 -f &quot;/home/mcding/johnding1996/COMP5411/assignment1/Makefile&quot;  VERBOSE=1 clean"/>
				</MakeCommands>
			</Target>
			<Target title="glfw">
				<Option output="/home/mcding/johnding1996/COMP5411/assignment1/ext_build/glfw/src/libglfw.so" prefix_auto="0" extension_auto="0"/>
				<Option working_dir="/home/mcding/johnding1996/COMP5411/assignment1/ext_build/glfw/src"/>
				<Option object_output="./"/>
				<Option type="3"/>
				<Option compiler="gcc"/>
				<Compiler>
					<Add directory="/usr/include/c++/5"/>
					<Add directory="/usr/include/x86_64-linux-gnu/c++/5"/>
					<Add directory="/usr/include/c++/5/backward"/>
					<Add directory="/usr/lib/gcc/x86_64-linux-gnu/5/include"/>
					<Add directory="/usr/local/include"/>
					<Add directory="/usr/lib/gcc/x86_64-linux-gnu/5/include-fixed"/>
					<Add directory="/usr/include/x86_64-linux-gnu"/>
					<Add directory="/usr/include"/>
				</Compiler>
				<MakeCommands>
					<Build command="/usr/bin/make -j4 -f &quot;/home/mcding/johnding1996/COMP5411/assignment1/ext_build/glfw/src/Makefile&quot;  VERBOSE=1 glfw"/>
					<CompileFile command="/usr/bin/make -j4 -f &quot;/home/mcding/johnding1996/COMP5411/assignment1/ext_build/glfw/src/Makefile&quot;  VERBOSE=1 &quot;$file&quot;"/>
					<Clean command="/usr/bin/make -j4 -f &quot;/home/mcding/johnding1996/COMP5411/assignment1/ext_build/glfw/src/Makefile&quot;  VERBOSE=1 clean"/>
					<DistClean command="/usr/bin/make -j4 -f &quot;/home/mcding/johnding1996/COMP5411/assignment1/ext_build/glfw/src/Makefile&quot;  VERBOSE=1 clean"/>
				</MakeCommands>
			</Target>
			<Target title="glfw/fast">
				<Option output="/home/mcding/johnding1996/COMP5411/assignment1/ext_build/glfw/src/libglfw.so" prefix_auto="0" extension_auto="0"/>
				<Option working_dir="/home/mcding/johnding1996/COMP5411/assignment1/ext_build/glfw/src"/>
				<Option object_output="./"/>
				<Option type="3"/>
				<Option compiler="gcc"/>
				<Compiler>
					<Add directory="/usr/include/c++/5"/>
					<Add directory="/usr/include/x86_64-linux-gnu/c++/5"/>
					<Add directory="/usr/include/c++/5/backward"/>
					<Add directory="/usr/lib/gcc/x86_64-linux-gnu/5/include"/>
					<Add directory="/usr/local/include"/>
					<Add directory="/usr/lib/gcc/x86_64-linux-gnu/5/include-fixed"/>
					<Add directory="/usr/include/x86_64-linux-gnu"/>
					<Add directory="/usr/include"/>
				</Compiler>
				<MakeCommands>
					<Build command="/usr/bin/make -j4 -f &quot;/home/mcding/johnding1996/COMP5411/assignment1/ext_build/glfw/src/Makefile&quot;  VERBOSE=1 glfw/fast"/>
					<CompileFile command="/usr/bin/make -j4 -f &quot;/home/mcding/johnding1996/COMP5411/assignment1/ext_build/glfw/src/Makefile&quot;  VERBOSE=1 &quot;$file&quot;"/>
					<Clean command="/usr/bin/make -j4 -f &quot;/home/mcding/johnding1996/COMP5411/assignment1/ext_build/glfw/src/Makefile&quot;  VERBOSE=1 clean"/>
					<DistClean command="/usr/bin/make -j4 -f &quot;/home/mcding/johnding1996/COMP5411/assignment1/ext_build/glfw/src/Makefile&quot;  VERBOSE=1 clean"/>
				</MakeCommands>
			</Target>
			<Target title="glfw_objects">
				<Option output="/home/mcding/johnding1996/COMP5411/assignment1/ext_build/glfw/src/CMakeFiles/glfw_objects.dir/glfw_objects.objlib" prefix_auto="0" extension_auto="0"/>
				<Option working_dir="/home/mcding/johnding1996/COMP5411/assignment1/ext_build/glfw/src"/>
				<Option object_output="./"/>
				<Option type="2"/>
				<Option compiler="gcc"/>
				<Compiler>
					<Add option="-D_GLFW_USE_CONFIG_H"/>
					<Add directory="/home/mcding/johnding1996/COMP5411/assignment1/ext/glfw/include"/>
					<Add directory="/home/mcding/johnding1996/COMP5411/assignment1/ext/glfw/src"/>
					<Add directory="/home/mcding/johnding1996/COMP5411/assignment1/ext_build/glfw/src"/>
					<Add directory="/usr/include/c++/5"/>
					<Add directory="/usr/include/x86_64-linux-gnu/c++/5"/>
					<Add directory="/usr/include/c++/5/backward"/>
					<Add directory="/usr/lib/gcc/x86_64-linux-gnu/5/include"/>
					<Add directory="/usr/local/include"/>
					<Add directory="/usr/lib/gcc/x86_64-linux-gnu/5/include-fixed"/>
					<Add directory="/usr/include/x86_64-linux-gnu"/>
					<Add directory="/usr/include"/>
				</Compiler>
				<MakeCommands>
					<Build command="/usr/bin/make -j4 -f &quot;/home/mcding/johnding1996/COMP5411/assignment1/ext_build/glfw/src/Makefile&quot;  VERBOSE=1 glfw_objects"/>
					<CompileFile command="/usr/bin/make -j4 -f &quot;/home/mcding/johnding1996/COMP5411/assignment1/ext_build/glfw/src/Makefile&quot;  VERBOSE=1 &quot;$file&quot;"/>
					<Clean command="/usr/bin/make -j4 -f &quot;/home/mcding/johnding1996/COMP5411/assignment1/ext_build/glfw/src/Makefile&quot;  VERBOSE=1 clean"/>
					<DistClean command="/usr/bin/make -j4 -f &quot;/home/mcding/johnding1996/COMP5411/assignment1/ext_build/glfw/src/Makefile&quot;  VERBOSE=1 clean"/>
				</MakeCommands>
			</Target>
			<Target title="glfw_objects/fast">
				<Option output="/home/mcding/johnding1996/COMP5411/assignment1/ext_build/glfw/src/CMakeFiles/glfw_objects.dir/glfw_objects.objlib" prefix_auto="0" extension_auto="0"/>
				<Option working_dir="/home/mcding/johnding1996/COMP5411/assignment1/ext_build/glfw/src"/>
				<Option object_output="./"/>
				<Option type="2"/>
				<Option compiler="gcc"/>
				<Compiler>
					<Add option="-D_GLFW_USE_CONFIG_H"/>
					<Add directory="/home/mcding/johnding1996/COMP5411/assignment1/ext/glfw/include"/>
					<Add directory="/home/mcding/johnding1996/COMP5411/assignment1/ext/glfw/src"/>
					<Add directory="/home/mcding/johnding1996/COMP5411/assignment1/ext_build/glfw/src"/>
					<Add directory="/usr/include/c++/5"/>
					<Add directory="/usr/include/x86_64-linux-gnu/c++/5"/>
					<Add directory="/usr/include/c++/5/backward"/>
					<Add directory="/usr/lib/gcc/x86_64-linux-gnu/5/include"/>
					<Add directory="/usr/local/include"/>
					<Add directory="/usr/lib/gcc/x86_64-linux-gnu/5/include-fixed"/>
					<Add directory="/usr/include/x86_64-linux-gnu"/>
					<Add directory="/usr/include"/>
				</Compiler>
				<MakeCommands>
					<Build command="/usr/bin/make -j4 -f &quot;/home/mcding/johnding1996/COMP5411/assignment1/ext_build/glfw/src/Makefile&quot;  VERBOSE=1 glfw_objects/fast"/>
					<CompileFile command="/usr/bin/make -j4 -f &quot;/home/mcding/johnding1996/COMP5411/assignment1/ext_build/glfw/src/Makefile&quot;  VERBOSE=1 &quot;$file&quot;"/>
					<Clean command="/usr/bin/make -j4 -f &quot;/home/mcding/johnding1996/COMP5411/assignment1/ext_build/glfw/src/Makefile&quot;  VERBOSE=1 clean"/>
					<DistClean command="/usr/bin/make -j4 -f &quot;/home/mcding/johnding1996/COMP5411/assignment1/ext_build/glfw/src/Makefile&quot;  VERBOSE=1 clean"/>
				</MakeCommands>
			</Target>
		</Build>
		<Unit filename="/home/mcding/johnding1996/COMP5411/assignment1/CMakeFiles/nanogui-obj.dir/ext/nanogui/button.cpp.o">
			<Option target="nanogui"/>
		</Unit>
		<Unit filename="/home/mcding/johnding1996/COMP5411/assignment1/CMakeFiles/nanogui-obj.dir/ext/nanogui/checkbox.cpp.o">
			<Option target="nanogui"/>
		</Unit>
		<Unit filename="/home/mcding/johnding1996/COMP5411/assignment1/CMakeFiles/nanogui-obj.dir/ext/nanogui/colorpicker.cpp.o">
			<Option target="nanogui"/>
		</Unit>
		<Unit filename="/home/mcding/johnding1996/COMP5411/assignment1/CMakeFiles/nanogui-obj.dir/ext/nanogui/colorwheel.cpp.o">
			<Option target="nanogui"/>
		</Unit>
		<Unit filename="/home/mcding/johnding1996/COMP5411/assignment1/CMakeFiles/nanogui-obj.dir/ext/nanogui/combobox.cpp.o">
			<Option target="nanogui"/>
		</Unit>
		<Unit filename="/home/mcding/johnding1996/COMP5411/assignment1/CMakeFiles/nanogui-obj.dir/ext/nanogui/common.cpp.o">
			<Option target="nanogui"/>
		</Unit>
		<Unit filename="/home/mcding/johnding1996/COMP5411/assignment1/CMakeFiles/nanogui-obj.dir/ext/nanogui/glcanvas.cpp.o">
			<Option target="nanogui"/>
		</Unit>
		<Unit filename="/home/mcding/johnding1996/COMP5411/assignment1/CMakeFiles/nanogui-obj.dir/ext/nanogui/glutil.cpp.o">
			<Option target="nanogui"/>
		</Unit>
		<Unit filename="/home/mcding/johnding1996/COMP5411/assignment1/CMakeFiles/nanogui-obj.dir/ext/nanogui/graph.cpp.o">
			<Option target="nanogui"/>
		</Unit>
		<Unit filename="/home/mcding/johnding1996/COMP5411/assignment1/CMakeFiles/nanogui-obj.dir/ext/nanogui/imagepanel.cpp.o">
			<Option target="nanogui"/>
		</Unit>
		<Unit filename="/home/mcding/johnding1996/COMP5411/assignment1/CMakeFiles/nanogui-obj.dir/ext/nanogui/imageview.cpp.o">
			<Option target="nanogui"/>
		</Unit>
		<Unit filename="/home/mcding/johnding1996/COMP5411/assignment1/CMakeFiles/nanogui-obj.dir/ext/nanogui/label.cpp.o">
			<Option target="nanogui"/>
		</Unit>
		<Unit filename="/home/mcding/johnding1996/COMP5411/assignment1/CMakeFiles/nanogui-obj.dir/ext/nanogui/layout.cpp.o">
			<Option target="nanogui"/>
		</Unit>
		<Unit filename="/home/mcding/johnding1996/COMP5411/assignment1/CMakeFiles/nanogui-obj.dir/ext/nanogui/messagedialog.cpp.o">
			<Option target="nanogui"/>
		</Unit>
		<Unit filename="/home/mcding/johnding1996/COMP5411/assignment1/CMakeFiles/nanogui-obj.dir/ext/nanogui/popup.cpp.o">
			<Option target="nanogui"/>
		</Unit>
		<Unit filename="/home/mcding/johnding1996/COMP5411/assignment1/CMakeFiles/nanogui-obj.dir/ext/nanogui/popupbutton.cpp.o">
			<Option target="nanogui"/>
		</Unit>
		<Unit filename="/home/mcding/johnding1996/COMP5411/assignment1/CMakeFiles/nanogui-obj.dir/ext/nanogui/progressbar.cpp.o">
			<Option target="nanogui"/>
		</Unit>
		<Unit filename="/home/mcding/johnding1996/COMP5411/assignment1/CMakeFiles/nanogui-obj.dir/ext/nanogui/screen.cpp.o">
			<Option target="nanogui"/>
		</Unit>
		<Unit filename="/home/mcding/johnding1996/COMP5411/assignment1/CMakeFiles/nanogui-obj.dir/ext/nanogui/serializer.cpp.o">
			<Option target="nanogui"/>
		</Unit>
		<Unit filename="/home/mcding/johnding1996/COMP5411/assignment1/CMakeFiles/nanogui-obj.dir/ext/nanogui/slider.cpp.o">
			<Option target="nanogui"/>
		</Unit>
		<Unit filename="/home/mcding/johnding1996/COMP5411/assignment1/CMakeFiles/nanogui-obj.dir/ext/nanogui/stackedwidget.cpp.o">
			<Option target="nanogui"/>
		</Unit>
		<Unit filename="/home/mcding/johnding1996/COMP5411/assignment1/CMakeFiles/nanogui-obj.dir/ext/nanogui/tabheader.cpp.o">
			<Option target="nanogui"/>
		</Unit>
		<Unit filename="/home/mcding/johnding1996/COMP5411/assignment1/CMakeFiles/nanogui-obj.dir/ext/nanogui/tabwidget.cpp.o">
			<Option target="nanogui"/>
		</Unit>
		<Unit filename="/home/mcding/johnding1996/COMP5411/assignment1/CMakeFiles/nanogui-obj.dir/ext/nanogui/textbox.cpp.o">
			<Option target="nanogui"/>
		</Unit>
		<Unit filename="/home/mcding/johnding1996/COMP5411/assignment1/CMakeFiles/nanogui-obj.dir/ext/nanogui/theme.cpp.o">
			<Option target="nanogui"/>
		</Unit>
		<Unit filename="/home/mcding/johnding1996/COMP5411/assignment1/CMakeFiles/nanogui-obj.dir/ext/nanogui/vscrollpanel.cpp.o">
			<Option target="nanogui"/>
		</Unit>
		<Unit filename="/home/mcding/johnding1996/COMP5411/assignment1/CMakeFiles/nanogui-obj.dir/ext/nanogui/widget.cpp.o">
			<Option target="nanogui"/>
		</Unit>
		<Unit filename="/home/mcding/johnding1996/COMP5411/assignment1/CMakeFiles/nanogui-obj.dir/ext/nanogui/window.cpp.o">
			<Option target="nanogui"/>
		</Unit>
		<Unit filename="/home/mcding/johnding1996/COMP5411/assignment1/CMakeFiles/nanogui-obj.dir/ext/nanovg/src/nanovg.c.o">
			<Option target="nanogui"/>
		</Unit>
		<Unit filename="/home/mcding/johnding1996/COMP5411/assignment1/CMakeFiles/nanogui-obj.dir/nanogui_resources.cpp.o">
			<Option target="nanogui"/>
		</Unit>
		<Unit filename="/home/mcding/johnding1996/COMP5411/assignment1/ext/glfw/include/GLFW/glfw3.h">
			<Option target="glfw_objects"/>
		</Unit>
		<Unit filename="/home/mcding/johnding1996/COMP5411/assignment1/ext/glfw/include/GLFW/glfw3native.h">
			<Option target="glfw_objects"/>
		</Unit>
		<Unit filename="/home/mcding/johnding1996/COMP5411/assignment1/ext/glfw/src/context.c">
			<Option target="glfw_objects"/>
		</Unit>
		<Unit filename="/home/mcding/johnding1996/COMP5411/assignment1/ext/glfw/src/egl_context.c">
			<Option target="glfw_objects"/>
		</Unit>
		<Unit filename="/home/mcding/johnding1996/COMP5411/assignment1/ext/glfw/src/egl_context.h">
			<Option target="glfw_objects"/>
		</Unit>
		<Unit filename="/home/mcding/johnding1996/COMP5411/assignment1/ext/glfw/src/glx_context.c">
			<Option target="glfw_objects"/>
		</Unit>
		<Unit filename="/home/mcding/johnding1996/COMP5411/assignment1/ext/glfw/src/glx_context.h">
			<Option target="glfw_objects"/>
		</Unit>
		<Unit filename="/home/mcding/johnding1996/COMP5411/assignment1/ext/glfw/src/init.c">
			<Option target="glfw_objects"/>
		</Unit>
		<Unit filename="/home/mcding/johnding1996/COMP5411/assignment1/ext/glfw/src/input.c">
			<Option target="glfw_objects"/>
		</Unit>
		<Unit filename="/home/mcding/johnding1996/COMP5411/assignment1/ext/glfw/src/internal.h">
			<Option target="glfw_objects"/>
		</Unit>
		<Unit filename="/home/mcding/johnding1996/COMP5411/assignment1/ext/glfw/src/linux_joystick.c">
			<Option target="glfw_objects"/>
		</Unit>
		<Unit filename="/home/mcding/johnding1996/COMP5411/assignment1/ext/glfw/src/linux_joystick.h">
			<Option target="glfw_objects"/>
		</Unit>
		<Unit filename="/home/mcding/johnding1996/COMP5411/assignment1/ext/glfw/src/monitor.c">
			<Option target="glfw_objects"/>
		</Unit>
		<Unit filename="/home/mcding/johnding1996/COMP5411/assignment1/ext/glfw/src/posix_time.c">
			<Option target="glfw_objects"/>
		</Unit>
		<Unit filename="/home/mcding/johnding1996/COMP5411/assignment1/ext/glfw/src/posix_time.h">
			<Option target="glfw_objects"/>
		</Unit>
		<Unit filename="/home/mcding/johnding1996/COMP5411/assignment1/ext/glfw/src/posix_tls.c">
			<Option target="glfw_objects"/>
		</Unit>
		<Unit filename="/home/mcding/johnding1996/COMP5411/assignment1/ext/glfw/src/posix_tls.h">
			<Option target="glfw_objects"/>
		</Unit>
		<Unit filename="/home/mcding/johnding1996/COMP5411/assignment1/ext/glfw/src/vulkan.c">
			<Option target="glfw_objects"/>
		</Unit>
		<Unit filename="/home/mcding/johnding1996/COMP5411/assignment1/ext/glfw/src/window.c">
			<Option target="glfw_objects"/>
		</Unit>
		<Unit filename="/home/mcding/johnding1996/COMP5411/assignment1/ext/glfw/src/x11_init.c">
			<Option target="glfw_objects"/>
		</Unit>
		<Unit filename="/home/mcding/johnding1996/COMP5411/assignment1/ext/glfw/src/x11_monitor.c">
			<Option target="glfw_objects"/>
		</Unit>
		<Unit filename="/home/mcding/johnding1996/COMP5411/assignment1/ext/glfw/src/x11_platform.h">
			<Option target="glfw_objects"/>
		</Unit>
		<Unit filename="/home/mcding/johnding1996/COMP5411/assignment1/ext/glfw/src/x11_window.c">
			<Option target="glfw_objects"/>
		</Unit>
		<Unit filename="/home/mcding/johnding1996/COMP5411/assignment1/ext/glfw/src/xkb_unicode.c">
			<Option target="glfw_objects"/>
		</Unit>
		<Unit filename="/home/mcding/johnding1996/COMP5411/assignment1/ext/glfw/src/xkb_unicode.h">
			<Option target="glfw_objects"/>
		</Unit>
		<Unit filename="/home/mcding/johnding1996/COMP5411/assignment1/ext/nanogui/button.cpp">
			<Option target="nanogui-obj"/>
		</Unit>
		<Unit filename="/home/mcding/johnding1996/COMP5411/assignment1/ext/nanogui/checkbox.cpp">
			<Option target="nanogui-obj"/>
		</Unit>
		<Unit filename="/home/mcding/johnding1996/COMP5411/assignment1/ext/nanogui/colorpicker.cpp">
			<Option target="nanogui-obj"/>
		</Unit>
		<Unit filename="/home/mcding/johnding1996/COMP5411/assignment1/ext/nanogui/colorwheel.cpp">
			<Option target="nanogui-obj"/>
		</Unit>
		<Unit filename="/home/mcding/johnding1996/COMP5411/assignment1/ext/nanogui/combobox.cpp">
			<Option target="nanogui-obj"/>
		</Unit>
		<Unit filename="/home/mcding/johnding1996/COMP5411/assignment1/ext/nanogui/common.cpp">
			<Option target="nanogui-obj"/>
		</Unit>
		<Unit filename="/home/mcding/johnding1996/COMP5411/assignment1/ext/nanogui/glcanvas.cpp">
			<Option target="nanogui-obj"/>
		</Unit>
		<Unit filename="/home/mcding/johnding1996/COMP5411/assignment1/ext/nanogui/glutil.cpp">
			<Option target="nanogui-obj"/>
		</Unit>
		<Unit filename="/home/mcding/johnding1996/COMP5411/assignment1/ext/nanogui/graph.cpp">
			<Option target="nanogui-obj"/>
		</Unit>
		<Unit filename="/home/mcding/johnding1996/COMP5411/assignment1/ext/nanogui/imagepanel.cpp">
			<Option target="nanogui-obj"/>
		</Unit>
		<Unit filename="/home/mcding/johnding1996/COMP5411/assignment1/ext/nanogui/imageview.cpp">
			<Option target="nanogui-obj"/>
		</Unit>
		<Unit filename="/home/mcding/johnding1996/COMP5411/assignment1/ext/nanogui/label.cpp">
			<Option target="nanogui-obj"/>
		</Unit>
		<Unit filename="/home/mcding/johnding1996/COMP5411/assignment1/ext/nanogui/layout.cpp">
			<Option target="nanogui-obj"/>
		</Unit>
		<Unit filename="/home/mcding/johnding1996/COMP5411/assignment1/ext/nanogui/messagedialog.cpp">
			<Option target="nanogui-obj"/>
		</Unit>
		<Unit filename="/home/mcding/johnding1996/COMP5411/assignment1/ext/nanogui/popup.cpp">
			<Option target="nanogui-obj"/>
		</Unit>
		<Unit filename="/home/mcding/johnding1996/COMP5411/assignment1/ext/nanogui/popupbutton.cpp">
			<Option target="nanogui-obj"/>
		</Unit>
		<Unit filename="/home/mcding/johnding1996/COMP5411/assignment1/ext/nanogui/progressbar.cpp">
			<Option target="nanogui-obj"/>
		</Unit>
		<Unit filename="/home/mcding/johnding1996/COMP5411/assignment1/ext/nanogui/screen.cpp">
			<Option target="nanogui-obj"/>
		</Unit>
		<Unit filename="/home/mcding/johnding1996/COMP5411/assignment1/ext/nanogui/serializer.cpp">
			<Option target="nanogui-obj"/>
		</Unit>
		<Unit filename="/home/mcding/johnding1996/COMP5411/assignment1/ext/nanogui/slider.cpp">
			<Option target="nanogui-obj"/>
		</Unit>
		<Unit filename="/home/mcding/johnding1996/COMP5411/assignment1/ext/nanogui/stackedwidget.cpp">
			<Option target="nanogui-obj"/>
		</Unit>
		<Unit filename="/home/mcding/johnding1996/COMP5411/assignment1/ext/nanogui/tabheader.cpp">
			<Option target="nanogui-obj"/>
		</Unit>
		<Unit filename="/home/mcding/johnding1996/COMP5411/assignment1/ext/nanogui/tabwidget.cpp">
			<Option target="nanogui-obj"/>
		</Unit>
		<Unit filename="/home/mcding/johnding1996/COMP5411/assignment1/ext/nanogui/textbox.cpp">
			<Option target="nanogui-obj"/>
		</Unit>
		<Unit filename="/home/mcding/johnding1996/COMP5411/assignment1/ext/nanogui/theme.cpp">
			<Option target="nanogui-obj"/>
		</Unit>
		<Unit filename="/home/mcding/johnding1996/COMP5411/assignment1/ext/nanogui/vscrollpanel.cpp">
			<Option target="nanogui-obj"/>
		</Unit>
		<Unit filename="/home/mcding/johnding1996/COMP5411/assignment1/ext/nanogui/widget.cpp">
			<Option target="nanogui-obj"/>
		</Unit>
		<Unit filename="/home/mcding/johnding1996/COMP5411/assignment1/ext/nanogui/window.cpp">
			<Option target="nanogui-obj"/>
		</Unit>
		<Unit filename="/home/mcding/johnding1996/COMP5411/assignment1/ext/nanovg/src/nanovg.c">
			<Option target="nanogui-obj"/>
		</Unit>
		<Unit filename="/home/mcding/johnding1996/COMP5411/assignment1/ext/nanovg/src/nanovg.h">
			<Option target="nanogui-obj"/>
		</Unit>
		<Unit filename="/home/mcding/johnding1996/COMP5411/assignment1/ext_build/glfw/src/CMakeFiles/glfw_objects.dir/context.c.o">
			<Option target="nanogui"/>
			<Option target="glfw"/>
		</Unit>
		<Unit filename="/home/mcding/johnding1996/COMP5411/assignment1/ext_build/glfw/src/CMakeFiles/glfw_objects.dir/egl_context.c.o">
			<Option target="nanogui"/>
			<Option target="glfw"/>
		</Unit>
		<Unit filename="/home/mcding/johnding1996/COMP5411/assignment1/ext_build/glfw/src/CMakeFiles/glfw_objects.dir/glx_context.c.o">
			<Option target="nanogui"/>
			<Option target="glfw"/>
		</Unit>
		<Unit filename="/home/mcding/johnding1996/COMP5411/assignment1/ext_build/glfw/src/CMakeFiles/glfw_objects.dir/init.c.o">
			<Option target="nanogui"/>
			<Option target="glfw"/>
		</Unit>
		<Unit filename="/home/mcding/johnding1996/COMP5411/assignment1/ext_build/glfw/src/CMakeFiles/glfw_objects.dir/input.c.o">
			<Option target="nanogui"/>
			<Option target="glfw"/>
		</Unit>
		<Unit filename="/home/mcding/johnding1996/COMP5411/assignment1/ext_build/glfw/src/CMakeFiles/glfw_objects.dir/linux_joystick.c.o">
			<Option target="nanogui"/>
			<Option target="glfw"/>
		</Unit>
		<Unit filename="/home/mcding/johnding1996/COMP5411/assignment1/ext_build/glfw/src/CMakeFiles/glfw_objects.dir/monitor.c.o">
			<Option target="nanogui"/>
			<Option target="glfw"/>
		</Unit>
		<Unit filename="/home/mcding/johnding1996/COMP5411/assignment1/ext_build/glfw/src/CMakeFiles/glfw_objects.dir/posix_time.c.o">
			<Option target="nanogui"/>
			<Option target="glfw"/>
		</Unit>
		<Unit filename="/home/mcding/johnding1996/COMP5411/assignment1/ext_build/glfw/src/CMakeFiles/glfw_objects.dir/posix_tls.c.o">
			<Option target="nanogui"/>
			<Option target="glfw"/>
		</Unit>
		<Unit filename="/home/mcding/johnding1996/COMP5411/assignment1/ext_build/glfw/src/CMakeFiles/glfw_objects.dir/vulkan.c.o">
			<Option target="nanogui"/>
			<Option target="glfw"/>
		</Unit>
		<Unit filename="/home/mcding/johnding1996/COMP5411/assignment1/ext_build/glfw/src/CMakeFiles/glfw_objects.dir/window.c.o">
			<Option target="nanogui"/>
			<Option target="glfw"/>
		</Unit>
		<Unit filename="/home/mcding/johnding1996/COMP5411/assignment1/ext_build/glfw/src/CMakeFiles/glfw_objects.dir/x11_init.c.o">
			<Option target="nanogui"/>
			<Option target="glfw"/>
		</Unit>
		<Unit filename="/home/mcding/johnding1996/COMP5411/assignment1/ext_build/glfw/src/CMakeFiles/glfw_objects.dir/x11_monitor.c.o">
			<Option target="nanogui"/>
			<Option target="glfw"/>
		</Unit>
		<Unit filename="/home/mcding/johnding1996/COMP5411/assignment1/ext_build/glfw/src/CMakeFiles/glfw_objects.dir/x11_window.c.o">
			<Option target="nanogui"/>
			<Option target="glfw"/>
		</Unit>
		<Unit filename="/home/mcding/johnding1996/COMP5411/assignment1/ext_build/glfw/src/CMakeFiles/glfw_objects.dir/xkb_unicode.c.o">
			<Option target="nanogui"/>
			<Option target="glfw"/>
		</Unit>
		<Unit filename="/home/mcding/johnding1996/COMP5411/assignment1/ext_build/glfw/src/glfw_config.h">
			<Option target="glfw_objects"/>
		</Unit>
		<Unit filename="/home/mcding/johnding1996/COMP5411/assignment1/include/nanogui/button.h">
			<Option target="nanogui-obj"/>
		</Unit>
		<Unit filename="/home/mcding/johnding1996/COMP5411/assignment1/include/nanogui/checkbox.h">
			<Option target="nanogui-obj"/>
		</Unit>
		<Unit filename="/home/mcding/johnding1996/COMP5411/assignment1/include/nanogui/colorpicker.h">
			<Option target="nanogui-obj"/>
		</Unit>
		<Unit filename="/home/mcding/johnding1996/COMP5411/assignment1/include/nanogui/colorwheel.h">
			<Option target="nanogui-obj"/>
		</Unit>
		<Unit filename="/home/mcding/johnding1996/COMP5411/assignment1/include/nanogui/combobox.h">
			<Option target="nanogui-obj"/>
		</Unit>
		<Unit filename="/home/mcding/johnding1996/COMP5411/assignment1/include/nanogui/common.h">
			<Option target="nanogui-obj"/>
		</Unit>
		<Unit filename="/home/mcding/johnding1996/COMP5411/assignment1/include/nanogui/formhelper.h">
			<Option target="nanogui-obj"/>
		</Unit>
		<Unit filename="/home/mcding/johnding1996/COMP5411/assignment1/include/nanogui/glcanvas.h">
			<Option target="nanogui-obj"/>
		</Unit>
		<Unit filename="/home/mcding/johnding1996/COMP5411/assignment1/include/nanogui/glutil.h">
			<Option target="nanogui-obj"/>
		</Unit>
		<Unit filename="/home/mcding/johnding1996/COMP5411/assignment1/include/nanogui/graph.h">
			<Option target="nanogui-obj"/>
		</Unit>
		<Unit filename="/home/mcding/johnding1996/COMP5411/assignment1/include/nanogui/imagepanel.h">
			<Option target="nanogui-obj"/>
		</Unit>
		<Unit filename="/home/mcding/johnding1996/COMP5411/assignment1/include/nanogui/imageview.h">
			<Option target="nanogui-obj"/>
		</Unit>
		<Unit filename="/home/mcding/johnding1996/COMP5411/assignment1/include/nanogui/label.h">
			<Option target="nanogui-obj"/>
		</Unit>
		<Unit filename="/home/mcding/johnding1996/COMP5411/assignment1/include/nanogui/layout.h">
			<Option target="nanogui-obj"/>
		</Unit>
		<Unit filename="/home/mcding/johnding1996/COMP5411/assignment1/include/nanogui/messagedialog.h">
			<Option target="nanogui-obj"/>
		</Unit>
		<Unit filename="/home/mcding/johnding1996/COMP5411/assignment1/include/nanogui/nanogui.h">
			<Option target="nanogui-obj"/>
		</Unit>
		<Unit filename="/home/mcding/johnding1996/COMP5411/assignment1/include/nanogui/opengl.h">
			<Option target="nanogui-obj"/>
		</Unit>
		<Unit filename="/home/mcding/johnding1996/COMP5411/assignment1/include/nanogui/popup.h">
			<Option target="nanogui-obj"/>
		</Unit>
		<Unit filename="/home/mcding/johnding1996/COMP5411/assignment1/include/nanogui/popupbutton.h">
			<Option target="nanogui-obj"/>
		</Unit>
		<Unit filename="/home/mcding/johnding1996/COMP5411/assignment1/include/nanogui/progressbar.h">
			<Option target="nanogui-obj"/>
		</Unit>
		<Unit filename="/home/mcding/johnding1996/COMP5411/assignment1/include/nanogui/screen.h">
			<Option target="nanogui-obj"/>
		</Unit>
		<Unit filename="/home/mcding/johnding1996/COMP5411/assignment1/include/nanogui/serializer/core.h">
			<Option target="nanogui-obj"/>
		</Unit>
		<Unit filename="/home/mcding/johnding1996/COMP5411/assignment1/include/nanogui/serializer/opengl.h">
			<Option target="nanogui-obj"/>
		</Unit>
		<Unit filename="/home/mcding/johnding1996/COMP5411/assignment1/include/nanogui/serializer/sparse.h">
			<Option target="nanogui-obj"/>
		</Unit>
		<Unit filename="/home/mcding/johnding1996/COMP5411/assignment1/include/nanogui/slider.h">
			<Option target="nanogui-obj"/>
		</Unit>
		<Unit filename="/home/mcding/johnding1996/COMP5411/assignment1/include/nanogui/stackedwidget.h">
			<Option target="nanogui-obj"/>
		</Unit>
		<Unit filename="/home/mcding/johnding1996/COMP5411/assignment1/include/nanogui/tabheader.h">
			<Option target="nanogui-obj"/>
		</Unit>
		<Unit filename="/home/mcding/johnding1996/COMP5411/assignment1/include/nanogui/tabwidget.h">
			<Option target="nanogui-obj"/>
		</Unit>
		<Unit filename="/home/mcding/johnding1996/COMP5411/assignment1/include/nanogui/textbox.h">
			<Option target="nanogui-obj"/>
		</Unit>
		<Unit filename="/home/mcding/johnding1996/COMP5411/assignment1/include/nanogui/theme.h">
			<Option target="nanogui-obj"/>
		</Unit>
		<Unit filename="/home/mcding/johnding1996/COMP5411/assignment1/include/nanogui/toolbutton.h">
			<Option target="nanogui-obj"/>
		</Unit>
		<Unit filename="/home/mcding/johnding1996/COMP5411/assignment1/include/nanogui/vscrollpanel.h">
			<Option target="nanogui-obj"/>
		</Unit>
		<Unit filename="/home/mcding/johnding1996/COMP5411/assignment1/include/nanogui/widget.h">
			<Option target="nanogui-obj"/>
		</Unit>
		<Unit filename="/home/mcding/johnding1996/COMP5411/assignment1/include/nanogui/window.h">
			<Option target="nanogui-obj"/>
		</Unit>
		<Unit filename="/home/mcding/johnding1996/COMP5411/assignment1/nanogui_resources.cpp">
			<Option target="nanogui-obj"/>
		</Unit>
		<Unit filename="/home/mcding/johnding1996/COMP5411/assignment1/nanogui_resources.cpp.rule">
			<Option target="nanogui-obj"/>
		</Unit>
		<Unit filename="/home/mcding/johnding1996/COMP5411/assignment1/nanogui_resources.h">
			<Option target="nanogui-obj"/>
		</Unit>
		<Unit filename="/home/mcding/johnding1996/COMP5411/assignment1/src/deformer.cpp">
			<Option target="COMP5411"/>
		</Unit>
		<Unit filename="/home/mcding/johnding1996/COMP5411/assignment1/src/deformer.h">
			<Option target="COMP5411"/>
		</Unit>
		<Unit filename="/home/mcding/johnding1996/COMP5411/assignment1/src/glcamera.cpp">
			<Option target="COMP5411"/>
		</Unit>
		<Unit filename="/home/mcding/johnding1996/COMP5411/assignment1/src/glcamera.h">
			<Option target="COMP5411"/>
		</Unit>
		<Unit filename="/home/mcding/johnding1996/COMP5411/assignment1/src/main.cpp">
			<Option target="COMP5411"/>
		</Unit>
		<Unit filename="/home/mcding/johnding1996/COMP5411/assignment1/src/mesh.cpp">
			<Option target="COMP5411"/>
		</Unit>
		<Unit filename="/home/mcding/johnding1996/COMP5411/assignment1/src/mesh.h">
			<Option target="COMP5411"/>
		</Unit>
		<Unit filename="/home/mcding/johnding1996/COMP5411/assignment1/src/util.h">
			<Option target="COMP5411"/>
		</Unit>
		<Unit filename="/home/mcding/johnding1996/COMP5411/assignment1/src/viewer3d.cpp">
			<Option target="COMP5411"/>
		</Unit>
		<Unit filename="/home/mcding/johnding1996/COMP5411/assignment1/src/viewer3d.h">
			<Option target="COMP5411"/>
		</Unit>
		<Unit filename="/home/mcding/johnding1996/COMP5411/assignment1/CMakeLists.txt">
			<Option virtualFolder="CMake Files\"/>
		</Unit>
		<Unit filename="/home/mcding/johnding1996/COMP5411/assignment1/ext/glfw/CMakeLists.txt">
			<Option virtualFolder="CMake Files\ext\glfw\"/>
		</Unit>
		<Unit filename="/home/mcding/johnding1996/COMP5411/assignment1/ext/glfw/CMakeLists.txt">
			<Option virtualFolder="CMake Files\ext\glfw\"/>
		</Unit>
		<Unit filename="/home/mcding/johnding1996/COMP5411/assignment1/ext/glfw/CMake/modules/FindVulkan.cmake">
			<Option virtualFolder="CMake Files\ext\glfw\CMake\modules\"/>
		</Unit>
		<Unit filename="/home/mcding/johnding1996/COMP5411/assignment1/ext/glfw/CMake/modules/FindVulkan.cmake">
			<Option virtualFolder="CMake Files\ext\glfw\CMake\modules\"/>
		</Unit>
		<Unit filename="/home/mcding/johnding1996/COMP5411/assignment1/ext/glfw/src/glfw3Config.cmake.in">
			<Option virtualFolder="CMake Files\ext\glfw\src\"/>
		</Unit>
		<Unit filename="/home/mcding/johnding1996/COMP5411/assignment1/ext/glfw/src/glfw_config.h.in">
			<Option virtualFolder="CMake Files\ext\glfw\src\"/>
		</Unit>
		<Unit filename="/home/mcding/johnding1996/COMP5411/assignment1/ext/glfw/src/glfw3.pc.in">
			<Option virtualFolder="CMake Files\ext\glfw\src\"/>
		</Unit>
		<Unit filename="/home/mcding/johnding1996/COMP5411/assignment1/ext/glfw/src/CMakeLists.txt">
			<Option virtualFolder="CMake Files\ext\glfw\src\"/>
		</Unit>
		<Unit filename="/home/mcding/johnding1996/COMP5411/assignment1/ext/glfw/src/glfw3Config.cmake.in">
			<Option virtualFolder="CMake Files\ext\glfw\src\"/>
		</Unit>
		<Unit filename="/home/mcding/johnding1996/COMP5411/assignment1/ext/glfw/src/glfw_config.h.in">
			<Option virtualFolder="CMake Files\ext\glfw\src\"/>
		</Unit>
		<Unit filename="/home/mcding/johnding1996/COMP5411/assignment1/ext/glfw/src/glfw3.pc.in">
			<Option virtualFolder="CMake Files\ext\glfw\src\"/>
		</Unit>
		<Unit filename="/home/mcding/johnding1996/COMP5411/assignment1/ext/glfw/src/CMakeLists.txt">
			<Option virtualFolder="CMake Files\ext\glfw\src\"/>
		</Unit>
	</Project>
</CodeBlocks_project_file>
